
Microsoft Visual Studio Solution File, Format Version 12.00
# Visual Studio Version 16
VisualStudioVersion = 16.0.29020.237
MinimumVisualStudioVersion = 10.0.40219.1
Project("{FAE04EC0-301F-11D3-BF4B-00C04F79EFBC}") = "lazebird.rabbit.rabbit", "lazebird.rabbit.rabbit\lazebird.rabbit.rabbit.csproj", "{641E1CCA-8960-4D70-8376-4601AC5A8E07}"
EndProject
Project("{FAE04EC0-301F-11D3-BF4B-00C04F79EFBC}") = "lazebird.rabbit.http", "lazebird.rabbit.http\lazebird.rabbit.http.csproj", "{66EFB1D8-8785-4AD9-B135-F8D699E186F6}"
EndProject
Project("{FAE04EC0-301F-11D3-BF4B-00C04F79EFBC}") = "lazebird.rabbit.common", "lazebird.rabbit.common\lazebird.rabbit.common.csproj", "{6C93B9CB-1BAD-42FD-A497-AC81C64B5D33}"
EndProject
Project("{FAE04EC0-301F-11D3-BF4B-00C04F79EFBC}") = "lazebird.rabbit.ping", "lazebird.rabbit.ping\lazebird.rabbit.ping.csproj", "{3FB652A4-A6D7-40D1-907D-33F0E6D78B63}"
EndProject
Project("{FAE04EC0-301F-11D3-BF4B-00C04F79EFBC}") = "lazebird.rabbit.tftp", "lazebird.rabbit.tftp\lazebird.rabbit.tftp.csproj", "{6D969711-BE11-48EC-8F9C-AF8AA185D032}"
EndProject
Project("{FAE04EC0-301F-11D3-BF4B-00C04F79EFBC}") = "lazebird.rabbit.fs", "lazebird.rabbit.fs\lazebird.rabbit.fs.csproj", "{9D8C34CF-12BF-4360-9CA3-4D0A7D4D8CBC}"
EndProject
Project("{FAE04EC0-301F-11D3-BF4B-00C04F79EFBC}") = "lazebird.rabbit.plan", "lazebird.rabbit.plan\lazebird.rabbit.plan.csproj", "{AB2E0B0B-54CE-4F5E-B24F-319D1E3F1C9F}"
EndProject
Project("{FAE04EC0-301F-11D3-BF4B-00C04F79EFBC}") = "lazebird.rabbit.chat", "lazebird.rabbit.chat\lazebird.rabbit.chat.csproj", "{F0AA2F5F-8548-4814-BE83-FFDED999202A}"
EndProject
Project("{FAE04EC0-301F-11D3-BF4B-00C04F79EFBC}") = "lazebird.rabbit.rconf", "lazebird.rabbit.rconf\lazebird.rabbit.rconf.csproj", "{7F9C962E-01CC-4489-8BF9-F052F18CA2C5}"
EndProject
Global
	GlobalSection(SolutionConfigurationPlatforms) = preSolution
		Debug|Any CPU = Debug|Any CPU
		Debug|x64 = Debug|x64
		Release|Any CPU = Release|Any CPU
		Release|x64 = Release|x64
	EndGlobalSection
	GlobalSection(ProjectConfigurationPlatforms) = postSolution
		{641E1CCA-8960-4D70-8376-4601AC5A8E07}.Debug|Any CPU.ActiveCfg = Debug|Any CPU
		{641E1CCA-8960-4D70-8376-4601AC5A8E07}.Debug|Any CPU.Build.0 = Debug|Any CPU
		{641E1CCA-8960-4D70-8376-4601AC5A8E07}.Debug|x64.ActiveCfg = Debug|x64
		{641E1CCA-8960-4D70-8376-4601AC5A8E07}.Debug|x64.Build.0 = Debug|x64
		{641E1CCA-8960-4D70-8376-4601AC5A8E07}.Release|Any CPU.ActiveCfg = Release|Any CPU
		{641E1CCA-8960-4D70-8376-4601AC5A8E07}.Release|Any CPU.Build.0 = Release|Any CPU
		{641E1CCA-8960-4D70-8376-4601AC5A8E07}.Release|x64.ActiveCfg = Release|x64
		{641E1CCA-8960-4D70-8376-4601AC5A8E07}.Release|x64.Build.0 = Release|x64
		{66EFB1D8-8785-4AD9-B135-F8D699E186F6}.Debug|Any CPU.ActiveCfg = Debug|Any CPU
		{66EFB1D8-8785-4AD9-B135-F8D699E186F6}.Debug|Any CPU.Build.0 = Debug|Any CPU
		{66EFB1D8-8785-4AD9-B135-F8D699E186F6}.Debug|x64.ActiveCfg = Debug|Any CPU
		{66EFB1D8-8785-4AD9-B135-F8D699E186F6}.Debug|x64.Build.0 = Debug|Any CPU
		{66EFB1D8-8785-4AD9-B135-F8D699E186F6}.Release|Any CPU.ActiveCfg = Release|Any CPU
		{66EFB1D8-8785-4AD9-B135-F8D699E186F6}.Release|Any CPU.Build.0 = Release|Any CPU
		{66EFB1D8-8785-4AD9-B135-F8D699E186F6}.Release|x64.ActiveCfg = Release|Any CPU
		{66EFB1D8-8785-4AD9-B135-F8D699E186F6}.Release|x64.Build.0 = Release|Any CPU
		{6C93B9CB-1BAD-42FD-A497-AC81C64B5D33}.Debug|Any CPU.ActiveCfg = Debug|Any CPU
		{6C93B9CB-1BAD-42FD-A497-AC81C64B5D33}.Debug|Any CPU.Build.0 = Debug|Any CPU
		{6C93B9CB-1BAD-42FD-A497-AC81C64B5D33}.Debug|x64.ActiveCfg = Debug|Any CPU
		{6C93B9CB-1BAD-42FD-A497-AC81C64B5D33}.Debug|x64.Build.0 = Debug|Any CPU
		{6C93B9CB-1BAD-42FD-A497-AC81C64B5D33}.Release|Any CPU.ActiveCfg = Release|Any CPU
		{6C93B9CB-1BAD-42FD-A497-AC81C64B5D33}.Release|Any CPU.Build.0 = Release|Any CPU
		{6C93B9CB-1BAD-42FD-A497-AC81C64B5D33}.Release|x64.ActiveCfg = Release|Any CPU
		{6C93B9CB-1BAD-42FD-A497-AC81C64B5D33}.Release|x64.Build.0 = Release|Any CPU
		{3FB652A4-A6D7-40D1-907D-33F0E6D78B63}.Debug|Any CPU.ActiveCfg = Debug|Any CPU
		{3FB652A4-A6D7-40D1-907D-33F0E6D78B63}.Debug|Any CPU.Build.0 = Debug|Any CPU
		{3FB652A4-A6D7-40D1-907D-33F0E6D78B63}.Debug|x64.ActiveCfg = Debug|Any CPU
		{3FB652A4-A6D7-40D1-907D-33F0E6D78B63}.Debug|x64.Build.0 = Debug|Any CPU
		{3FB652A4-A6D7-40D1-907D-33F0E6D78B63}.Release|Any CPU.ActiveCfg = Release|Any CPU
		{3FB652A4-A6D7-40D1-907D-33F0E6D78B63}.Release|Any CPU.Build.0 = Release|Any CPU
		{3FB652A4-A6D7-40D1-907D-33F0E6D78B63}.Release|x64.ActiveCfg = Release|Any CPU
		{3FB652A4-A6D7-40D1-907D-33F0E6D78B63}.Release|x64.Build.0 = Release|Any CPU
		{6D969711-BE11-48EC-8F9C-AF8AA185D032}.Debug|Any CPU.ActiveCfg = Debug|Any CPU
		{6D969711-BE11-48EC-8F9C-AF8AA185D032}.Debug|Any CPU.Build.0 = Debug|Any CPU
		{6D969711-BE11-48EC-8F9C-AF8AA185D032}.Debug|x64.ActiveCfg = Debug|Any CPU
		{6D969711-BE11-48EC-8F9C-AF8AA185D032}.Debug|x64.Build.0 = Debug|Any CPU
		{6D969711-BE11-48EC-8F9C-AF8AA185D032}.Release|Any CPU.ActiveCfg = Release|Any CPU
		{6D969711-BE11-48EC-8F9C-AF8AA185D032}.Release|Any CPU.Build.0 = Release|Any CPU
		{6D969711-BE11-48EC-8F9C-AF8AA185D032}.Release|x64.ActiveCfg = Release|Any CPU
		{6D969711-BE11-48EC-8F9C-AF8AA185D032}.Release|x64.Build.0 = Release|Any CPU
		{9D8C34CF-12BF-4360-9CA3-4D0A7D4D8CBC}.Debug|Any CPU.ActiveCfg = Debug|Any CPU
		{9D8C34CF-12BF-4360-9CA3-4D0A7D4D8CBC}.Debug|Any CPU.Build.0 = Debug|Any CPU
		{9D8C34CF-12BF-4360-9CA3-4D0A7D4D8CBC}.Debug|x64.ActiveCfg = Debug|Any CPU
		{9D8C34CF-12BF-4360-9CA3-4D0A7D4D8CBC}.Debug|x64.Build.0 = Debug|Any CPU
		{9D8C34CF-12BF-4360-9CA3-4D0A7D4D8CBC}.Release|Any CPU.ActiveCfg = Release|Any CPU
		{9D8C34CF-12BF-4360-9CA3-4D0A7D4D8CBC}.Release|Any CPU.Build.0 = Release|Any CPU
		{9D8C34CF-12BF-4360-9CA3-4D0A7D4D8CBC}.Release|x64.ActiveCfg = Release|Any CPU
		{9D8C34CF-12BF-4360-9CA3-4D0A7D4D8CBC}.Release|x64.Build.0 = Release|Any CPU
		{AB2E0B0B-54CE-4F5E-B24F-319D1E3F1C9F}.Debug|Any CPU.ActiveCfg = Debug|Any CPU
		{AB2E0B0B-54CE-4F5E-B24F-319D1E3F1C9F}.Debug|Any CPU.Build.0 = Debug|Any CPU
		{AB2E0B0B-54CE-4F5E-B24F-319D1E3F1C9F}.Debug|x64.ActiveCfg = Debug|Any CPU
		{AB2E0B0B-54CE-4F5E-B24F-319D1E3F1C9F}.Debug|x64.Build.0 = Debug|Any CPU
		{AB2E0B0B-54CE-4F5E-B24F-319D1E3F1C9F}.Release|Any CPU.ActiveCfg = Release|Any CPU
		{AB2E0B0B-54CE-4F5E-B24F-319D1E3F1C9F}.Release|Any CPU.Build.0 = Release|Any CPU
		{AB2E0B0B-54CE-4F5E-B24F-319D1E3F1C9F}.Release|x64.ActiveCfg = Release|Any CPU
		{AB2E0B0B-54CE-4F5E-B24F-319D1E3F1C9F}.Release|x64.Build.0 = Release|Any CPU
		{F0AA2F5F-8548-4814-BE83-FFDED999202A}.Debug|Any CPU.ActiveCfg = Debug|Any CPU
		{F0AA2F5F-8548-4814-BE83-FFDED999202A}.Debug|Any CPU.Build.0 = Debug|Any CPU
		{F0AA2F5F-8548-4814-BE83-FFDED999202A}.Debug|x64.ActiveCfg = Debug|Any CPU
		{F0AA2F5F-8548-4814-BE83-FFDED999202A}.Debug|x64.Build.0 = Debug|Any CPU
		{F0AA2F5F-8548-4814-BE83-FFDED999202A}.Release|Any CPU.ActiveCfg = Release|Any CPU
		{F0AA2F5F-8548-4814-BE83-FFDED999202A}.Release|Any CPU.Build.0 = Release|Any CPU
		{F0AA2F5F-8548-4814-BE83-FFDED999202A}.Release|x64.ActiveCfg = Release|Any CPU
		{F0AA2F5F-8548-4814-BE83-FFDED999202A}.Release|x64.Build.0 = Release|Any CPU
		{7F9C962E-01CC-4489-8BF9-F052F18CA2C5}.Debug|Any CPU.ActiveCfg = Debug|Any CPU
		{7F9C962E-01CC-4489-8BF9-F052F18CA2C5}.Debug|Any CPU.Build.0 = Debug|Any CPU
		{7F9C962E-01CC-4489-8BF9-F052F18CA2C5}.Debug|x64.ActiveCfg = Debug|Any CPU
		{7F9C962E-01CC-4489-8BF9-F052F18CA2C5}.Debug|x64.Build.0 = Debug|Any CPU
		{7F9C962E-01CC-4489-8BF9-F052F18CA2C5}.Release|Any CPU.ActiveCfg = Release|Any CPU
		{7F9C962E-01CC-4489-8BF9-F052F18CA2C5}.Release|Any CPU.Build.0 = Release|Any CPU
		{7F9C962E-01CC-4489-8BF9-F052F18CA2C5}.Release|x64.ActiveCfg = Release|Any CPU
		{7F9C962E-01CC-4489-8BF9-F052F18CA2C5}.Release|x64.Build.0 = Release|Any CPU
	EndGlobalSection
	GlobalSection(SolutionProperties) = preSolution
		HideSolutionNode = FALSE
	EndGlobalSection
	GlobalSection(ExtensibilityGlobals) = postSolution
		SolutionGuid = {AC3CB6C6-3443-467E-97FE-BA8BD9105B37}
	EndGlobalSection
EndGlobal
