
Microsoft Visual Studio Solution File, Format Version 12.00
# Visual Studio 15
VisualStudioVersion = 15.0.26430.16
MinimumVisualStudioVersion = 10.0.40219.1
Project("{FAE04EC0-301F-11D3-BF4B-00C04F79EFBC}") = "rabbit", "rabbit\rabbit.csproj", "{641E1CCA-8960-4D70-8376-4601AC5A8E07}"
EndProject
Global
	GlobalSection(SolutionConfigurationPlatforms) = preSolution
		Debug|Any CPU = Debug|Any CPU
		Release|Any CPU = Release|Any CPU
	EndGlobalSection
	GlobalSection(ProjectConfigurationPlatforms) = postSolution
		{641E1CCA-8960-4D70-8376-4601AC5A8E07}.Debug|Any CPU.ActiveCfg = Debug|Any CPU
		{641E1CCA-8960-4D70-8376-4601AC5A8E07}.Debug|Any CPU.Build.0 = Debug|Any CPU
		{641E1CCA-8960-4D70-8376-4601AC5A8E07}.Release|Any CPU.ActiveCfg = Release|Any CPU
		{641E1CCA-8960-4D70-8376-4601AC5A8E07}.Release|Any CPU.Build.0 = Release|Any CPU
	EndGlobalSection
	GlobalSection(SolutionProperties) = preSolution
		HideSolutionNode = FALSE
	EndGlobalSection
	GlobalSection(ExtensibilityGlobals) = postSolution
		SolutionGuid = {AC3CB6C6-3443-467E-97FE-BA8BD9105B37}
	EndGlobalSection
EndGlobal
